// !$*UTF8*$!
{
	archiveVersion = 1;
	classes = {
	};
	objectVersion = 50;
	objects = {

/* Begin PBXBuildFile section */
		208870DC2459E2FE00803339 /* AppDelegate.swift in Sources */ = {isa = PBXBuildFile; fileRef = 208870DB2459E2FE00803339 /* AppDelegate.swift */; };
		208870DE2459E2FE00803339 /* SceneDelegate.swift in Sources */ = {isa = PBXBuildFile; fileRef = 208870DD2459E2FE00803339 /* SceneDelegate.swift */; };
		208870E32459E2FE00803339 /* Main.storyboard in Resources */ = {isa = PBXBuildFile; fileRef = 208870E12459E2FE00803339 /* Main.storyboard */; };
		208870E62459E2FE00803339 /* Cinebox.xcdatamodeld in Sources */ = {isa = PBXBuildFile; fileRef = 208870E42459E2FE00803339 /* Cinebox.xcdatamodeld */; };
		208870E82459E30000803339 /* Assets.xcassets in Resources */ = {isa = PBXBuildFile; fileRef = 208870E72459E30000803339 /* Assets.xcassets */; };
		208870EB2459E30000803339 /* LaunchScreen.storyboard in Resources */ = {isa = PBXBuildFile; fileRef = 208870E92459E30000803339 /* LaunchScreen.storyboard */; };
		208870F32459E51A00803339 /* SearchViewController.swift in Sources */ = {isa = PBXBuildFile; fileRef = 208870F22459E51A00803339 /* SearchViewController.swift */; };
		20D32600245FD49500E06175 /* SearchResultCell.swift in Sources */ = {isa = PBXBuildFile; fileRef = 20D325FF245FD49500E06175 /* SearchResultCell.swift */; };
		20DE90EE245DEE780068AE86 /* SavedViewController.swift in Sources */ = {isa = PBXBuildFile; fileRef = 20DE90ED245DEE780068AE86 /* SavedViewController.swift */; };
		20DE90F0245DF2B60068AE86 /* MoviesViewController.swift in Sources */ = {isa = PBXBuildFile; fileRef = 20DE90EF245DF2B60068AE86 /* MoviesViewController.swift */; };
/* End PBXBuildFile section */

/* Begin PBXFileReference section */
		208870D82459E2FE00803339 /* Cinebox.app */ = {isa = PBXFileReference; explicitFileType = wrapper.application; includeInIndex = 0; path = Cinebox.app; sourceTree = BUILT_PRODUCTS_DIR; };
		208870DB2459E2FE00803339 /* AppDelegate.swift */ = {isa = PBXFileReference; lastKnownFileType = sourcecode.swift; path = AppDelegate.swift; sourceTree = "<group>"; };
		208870DD2459E2FE00803339 /* SceneDelegate.swift */ = {isa = PBXFileReference; lastKnownFileType = sourcecode.swift; path = SceneDelegate.swift; sourceTree = "<group>"; };
		208870E22459E2FE00803339 /* Base */ = {isa = PBXFileReference; lastKnownFileType = file.storyboard; name = Base; path = Base.lproj/Main.storyboard; sourceTree = "<group>"; };
		208870E52459E2FE00803339 /* Cinebox.xcdatamodel */ = {isa = PBXFileReference; lastKnownFileType = wrapper.xcdatamodel; path = Cinebox.xcdatamodel; sourceTree = "<group>"; };
		208870E72459E30000803339 /* Assets.xcassets */ = {isa = PBXFileReference; lastKnownFileType = folder.assetcatalog; path = Assets.xcassets; sourceTree = "<group>"; };
		208870EA2459E30000803339 /* Base */ = {isa = PBXFileReference; lastKnownFileType = file.storyboard; name = Base; path = Base.lproj/LaunchScreen.storyboard; sourceTree = "<group>"; };
		208870EC2459E30000803339 /* Info.plist */ = {isa = PBXFileReference; lastKnownFileType = text.plist.xml; path = Info.plist; sourceTree = "<group>"; };
		208870F22459E51A00803339 /* SearchViewController.swift */ = {isa = PBXFileReference; lastKnownFileType = sourcecode.swift; path = SearchViewController.swift; sourceTree = "<group>"; };
		20D325FF245FD49500E06175 /* SearchResultCell.swift */ = {isa = PBXFileReference; lastKnownFileType = sourcecode.swift; path = SearchResultCell.swift; sourceTree = "<group>"; };
		20DE90ED245DEE780068AE86 /* SavedViewController.swift */ = {isa = PBXFileReference; lastKnownFileType = sourcecode.swift; path = SavedViewController.swift; sourceTree = "<group>"; };
		20DE90EF245DF2B60068AE86 /* MoviesViewController.swift */ = {isa = PBXFileReference; lastKnownFileType = sourcecode.swift; path = MoviesViewController.swift; sourceTree = "<group>"; };
/* End PBXFileReference section */

/* Begin PBXFrameworksBuildPhase section */
		208870D52459E2FE00803339 /* Frameworks */ = {
			isa = PBXFrameworksBuildPhase;
			buildActionMask = 2147483647;
			files = (
			);
			runOnlyForDeploymentPostprocessing = 0;
		};
/* End PBXFrameworksBuildPhase section */

/* Begin PBXGroup section */
		208870CF2459E2FE00803339 = {
			isa = PBXGroup;
			children = (
				208870DA2459E2FE00803339 /* Cinebox */,
				208870D92459E2FE00803339 /* Products */,
			);
			sourceTree = "<group>";
		};
		208870D92459E2FE00803339 /* Products */ = {
			isa = PBXGroup;
			children = (
				208870D82459E2FE00803339 /* Cinebox.app */,
			);
			name = Products;
			sourceTree = "<group>";
		};
		208870DA2459E2FE00803339 /* Cinebox */ = {
			isa = PBXGroup;
			children = (
				208870DB2459E2FE00803339 /* AppDelegate.swift */,
				208870DD2459E2FE00803339 /* SceneDelegate.swift */,
				208870F22459E51A00803339 /* SearchViewController.swift */,
				208870E12459E2FE00803339 /* Main.storyboard */,
				208870E72459E30000803339 /* Assets.xcassets */,
				208870E92459E30000803339 /* LaunchScreen.storyboard */,
				208870EC2459E30000803339 /* Info.plist */,
				208870E42459E2FE00803339 /* Cinebox.xcdatamodeld */,
				20DE90EF245DF2B60068AE86 /* MoviesViewController.swift */,
				20DE90ED245DEE780068AE86 /* SavedViewController.swift */,
				20D325FF245FD49500E06175 /* SearchResultCell.swift */,
			);
			path = Cinebox;
			sourceTree = "<group>";
		};
/* End PBXGroup section */

/* Begin PBXNativeTarget section */
		208870D72459E2FE00803339 /* Cinebox */ = {
			isa = PBXNativeTarget;
			buildConfigurationList = 208870EF2459E30000803339 /* Build configuration list for PBXNativeTarget "Cinebox" */;
			buildPhases = (
				208870D42459E2FE00803339 /* Sources */,
				208870D52459E2FE00803339 /* Frameworks */,
				208870D62459E2FE00803339 /* Resources */,
			);
			buildRules = (
			);
			dependencies = (
			);
			name = Cinebox;
			productName = Cinebox;
			productReference = 208870D82459E2FE00803339 /* Cinebox.app */;
			productType = "com.apple.product-type.application";
		};
/* End PBXNativeTarget section */

/* Begin PBXProject section */
		208870D02459E2FE00803339 /* Project object */ = {
			isa = PBXProject;
			attributes = {
				LastSwiftUpdateCheck = 1130;
				LastUpgradeCheck = 1130;
				ORGANIZATIONNAME = Yiheng;
				TargetAttributes = {
					208870D72459E2FE00803339 = {
						CreatedOnToolsVersion = 11.3.1;
					};
				};
			};
			buildConfigurationList = 208870D32459E2FE00803339 /* Build configuration list for PBXProject "Cinebox" */;
			compatibilityVersion = "Xcode 9.3";
			developmentRegion = en;
			hasScannedForEncodings = 0;
			knownRegions = (
				en,
				Base,
			);
			mainGroup = 208870CF2459E2FE00803339;
			productRefGroup = 208870D92459E2FE00803339 /* Products */;
			projectDirPath = "";
			projectRoot = "";
			targets = (
				208870D72459E2FE00803339 /* Cinebox */,
			);
		};
/* End PBXProject section */

/* Begin PBXResourcesBuildPhase section */
		208870D62459E2FE00803339 /* Resources */ = {
			isa = PBXResourcesBuildPhase;
			buildActionMask = 2147483647;
			files = (
				208870EB2459E30000803339 /* LaunchScreen.storyboard in Resources */,
				208870E82459E30000803339 /* Assets.xcassets in Resources */,
				208870E32459E2FE00803339 /* Main.storyboard in Resources */,
			);
			runOnlyForDeploymentPostprocessing = 0;
		};
/* End PBXResourcesBuildPhase section */

/* Begin PBXSourcesBuildPhase section */
		208870D42459E2FE00803339 /* Sources */ = {
			isa = PBXSourcesBuildPhase;
			buildActionMask = 2147483647;
			files = (
				20DE90EE245DEE780068AE86 /* SavedViewController.swift in Sources */,
				208870E62459E2FE00803339 /* Cinebox.xcdatamodeld in Sources */,
				208870DC2459E2FE00803339 /* AppDelegate.swift in Sources */,
				208870F32459E51A00803339 /* SearchViewController.swift in Sources */,
				20DE90F0245DF2B60068AE86 /* MoviesViewController.swift in Sources */,
				20D32600245FD49500E06175 /* SearchResultCell.swift in Sources */,
				208870DE2459E2FE00803339 /* SceneDelegate.swift in Sources */,
			);
			runOnlyForDeploymentPostprocessing = 0;
		};
/* End PBXSourcesBuildPhase section */

/* Begin PBXVariantGroup section */
		208870E12459E2FE00803339 /* Main.storyboard */ = {
			isa = PBXVariantGroup;
			children = (
				208870E22459E2FE00803339 /* Base */,
			);
			name = Main.storyboard;
			sourceTree = "<group>";
		};
		208870E92459E30000803339 /* LaunchScreen.storyboard */ = {
			isa = PBXVariantGroup;
			children = (
				208870EA2459E30000803339 /* Base */,
			);
			name = LaunchScreen.storyboard;
			sourceTree = "<group>";
		};
/* End PBXVariantGroup section */

/* Begin XCBuildConfiguration section */
		208870ED2459E30000803339 /* Debug */ = {
			isa = XCBuildConfiguration;
			buildSettings = {
				ALWAYS_SEARCH_USER_PATHS = NO;
				CLANG_ANALYZER_NONNULL = YES;
				CLANG_ANALYZER_NUMBER_OBJECT_CONVERSION = YES_AGGRESSIVE;
				CLANG_CXX_LANGUAGE_STANDARD = "gnu++14";
				CLANG_CXX_LIBRARY = "libc++";
				CLANG_ENABLE_MODULES = YES;
				CLANG_ENABLE_OBJC_ARC = YES;
				CLANG_ENABLE_OBJC_WEAK = YES;
				CLANG_WARN_BLOCK_CAPTURE_AUTORELEASING = YES;
				CLANG_WARN_BOOL_CONVERSION = YES;
				CLANG_WARN_COMMA = YES;
				CLANG_WARN_CONSTANT_CONVERSION = YES;
				CLANG_WARN_DEPRECATED_OBJC_IMPLEMENTATIONS = YES;
				CLANG_WARN_DIRECT_OBJC_ISA_USAGE = YES_ERROR;
				CLANG_WARN_DOCUMENTATION_COMMENTS = YES;
				CLANG_WARN_EMPTY_BODY = YES;
				CLANG_WARN_ENUM_CONVERSION = YES;
				CLANG_WARN_INFINITE_RECURSION = YES;
				CLANG_WARN_INT_CONVERSION = YES;
				CLANG_WARN_NON_LITERAL_NULL_CONVERSION = YES;
				CLANG_WARN_OBJC_IMPLICIT_RETAIN_SELF = YES;
				CLANG_WARN_OBJC_LITERAL_CONVERSION = YES;
				CLANG_WARN_OBJC_ROOT_CLASS = YES_ERROR;
				CLANG_WARN_RANGE_LOOP_ANALYSIS = YES;
				CLANG_WARN_STRICT_PROTOTYPES = YES;
				CLANG_WARN_SUSPICIOUS_MOVE = YES;
				CLANG_WARN_UNGUARDED_AVAILABILITY = YES_AGGRESSIVE;
				CLANG_WARN_UNREACHABLE_CODE = YES;
				CLANG_WARN__DUPLICATE_METHOD_MATCH = YES;
				COPY_PHASE_STRIP = NO;
				DEBUG_INFORMATION_FORMAT = dwarf;
				ENABLE_STRICT_OBJC_MSGSEND = YES;
				ENABLE_TESTABILITY = YES;
				GCC_C_LANGUAGE_STANDARD = gnu11;
				GCC_DYNAMIC_NO_PIC = NO;
				GCC_NO_COMMON_BLOCKS = YES;
				GCC_OPTIMIZATION_LEVEL = 0;
				GCC_PREPROCESSOR_DEFINITIONS = (
					"DEBUG=1",
					"$(inherited)",
				);
				GCC_WARN_64_TO_32_BIT_CONVERSION = YES;
				GCC_WARN_ABOUT_RETURN_TYPE = YES_ERROR;
				GCC_WARN_UNDECLARED_SELECTOR = YES;
				GCC_WARN_UNINITIALIZED_AUTOS = YES_AGGRESSIVE;
				GCC_WARN_UNUSED_FUNCTION = YES;
				GCC_WARN_UNUSED_VARIABLE = YES;
				IPHONEOS_DEPLOYMENT_TARGET = 13.2;
				MTL_ENABLE_DEBUG_INFO = INCLUDE_SOURCE;
				MTL_FAST_MATH = YES;
				ONLY_ACTIVE_ARCH = YES;
				SDKROOT = iphoneos;
				SWIFT_ACTIVE_COMPILATION_CONDITIONS = DEBUG;
				SWIFT_OPTIMIZATION_LEVEL = "-Onone";
			};
			name = Debug;
		};
		208870EE2459E30000803339 /* Release */ = {
			isa = XCBuildConfiguration;
			buildSettings = {
				ALWAYS_SEARCH_USER_PATHS = NO;
				CLANG_ANALYZER_NONNULL = YES;
				CLANG_ANALYZER_NUMBER_OBJECT_CONVERSION = YES_AGGRESSIVE;
				CLANG_CXX_LANGUAGE_STANDARD = "gnu++14";
				CLANG_CXX_LIBRARY = "libc++";
				CLANG_ENABLE_MODULES = YES;
				CLANG_ENABLE_OBJC_ARC = YES;
				CLANG_ENABLE_OBJC_WEAK = YES;
				CLANG_WARN_BLOCK_CAPTURE_AUTORELEASING = YES;
				CLANG_WARN_BOOL_CONVERSION = YES;
				CLANG_WARN_COMMA = YES;
				CLANG_WARN_CONSTANT_CONVERSION = YES;
				CLANG_WARN_DEPRECATED_OBJC_IMPLEMENTATIONS = YES;
				CLANG_WARN_DIRECT_OBJC_ISA_USAGE = YES_ERROR;
				CLANG_WARN_DOCUMENTATION_COMMENTS = YES;
				CLANG_WARN_EMPTY_BODY = YES;
				CLANG_WARN_ENUM_CONVERSION = YES;
				CLANG_WARN_INFINITE_RECURSION = YES;
				CLANG_WARN_INT_CONVERSION = YES;
				CLANG_WARN_NON_LITERAL_NULL_CONVERSION = YES;
				CLANG_WARN_OBJC_IMPLICIT_RETAIN_SELF = YES;
				CLANG_WARN_OBJC_LITERAL_CONVERSION = YES;
				CLANG_WARN_OBJC_ROOT_CLASS = YES_ERROR;
				CLANG_WARN_RANGE_LOOP_ANALYSIS = YES;
				CLANG_WARN_STRICT_PROTOTYPES = YES;
				CLANG_WARN_SUSPICIOUS_MOVE = YES;
				CLANG_WARN_UNGUARDED_AVAILABILITY = YES_AGGRESSIVE;
				CLANG_WARN_UNREACHABLE_CODE = YES;
				CLANG_WARN__DUPLICATE_METHOD_MATCH = YES;
				COPY_PHASE_STRIP = NO;
				DEBUG_INFORMATION_FORMAT = "dwarf-with-dsym";
				ENABLE_NS_ASSERTIONS = NO;
				ENABLE_STRICT_OBJC_MSGSEND = YES;
				GCC_C_LANGUAGE_STANDARD = gnu11;
				GCC_NO_COMMON_BLOCKS = YES;
				GCC_WARN_64_TO_32_BIT_CONVERSION = YES;
				GCC_WARN_ABOUT_RETURN_TYPE = YES_ERROR;
				GCC_WARN_UNDECLARED_SELECTOR = YES;
				GCC_WARN_UNINITIALIZED_AUTOS = YES_AGGRESSIVE;
				GCC_WARN_UNUSED_FUNCTION = YES;
				GCC_WARN_UNUSED_VARIABLE = YES;
				IPHONEOS_DEPLOYMENT_TARGET = 13.2;
				MTL_ENABLE_DEBUG_INFO = NO;
				MTL_FAST_MATH = YES;
				SDKROOT = iphoneos;
				SWIFT_COMPILATION_MODE = wholemodule;
				SWIFT_OPTIMIZATION_LEVEL = "-O";
				VALIDATE_PRODUCT = YES;
			};
			name = Release;
		};
		208870F02459E30000803339 /* Debug */ = {
			isa = XCBuildConfiguration;
			buildSettings = {
				ASSETCATALOG_COMPILER_APPICON_NAME = AppIcon;
				CODE_SIGN_STYLE = Automatic;
				INFOPLIST_FILE = Cinebox/Info.plist;
				LD_RUNPATH_SEARCH_PATHS = (
					"$(inherited)",
					"@executable_path/Frameworks",
				);
				PRODUCT_BUNDLE_IDENTIFIER = yiheng.Cinebox;
				PRODUCT_NAME = "$(TARGET_NAME)";
				SWIFT_VERSION = 5.0;
				TARGETED_DEVICE_FAMILY = "1,2";
			};
			name = Debug;
		};
		208870F12459E30000803339 /* Release */ = {
			isa = XCBuildConfiguration;
			buildSettings = {
				ASSETCATALOG_COMPILER_APPICON_NAME = AppIcon;
				CODE_SIGN_STYLE = Automatic;
				INFOPLIST_FILE = Cinebox/Info.plist;
				LD_RUNPATH_SEARCH_PATHS = (
					"$(inherited)",
					"@executable_path/Frameworks",
				);
				PRODUCT_BUNDLE_IDENTIFIER = yiheng.Cinebox;
				PRODUCT_NAME = "$(TARGET_NAME)";
				SWIFT_VERSION = 5.0;
				TARGETED_DEVICE_FAMILY = "1,2";
			};
			name = Release;
		};
/* End XCBuildConfiguration section */

/* Begin XCConfigurationList section */
		208870D32459E2FE00803339 /* Build configuration list for PBXProject "Cinebox" */ = {
			isa = XCConfigurationList;
			buildConfigurations = (
				208870ED2459E30000803339 /* Debug */,
				208870EE2459E30000803339 /* Release */,
			);
			defaultConfigurationIsVisible = 0;
			defaultConfigurationName = Release;
		};
		208870EF2459E30000803339 /* Build configuration list for PBXNativeTarget "Cinebox" */ = {
			isa = XCConfigurationList;
			buildConfigurations = (
				208870F02459E30000803339 /* Debug */,
				208870F12459E30000803339 /* Release */,
			);
			defaultConfigurationIsVisible = 0;
			defaultConfigurationName = Release;
		};
/* End XCConfigurationList section */

/* Begin XCVersionGroup section */
		208870E42459E2FE00803339 /* Cinebox.xcdatamodeld */ = {
			isa = XCVersionGroup;
			children = (
				208870E52459E2FE00803339 /* Cinebox.xcdatamodel */,
			);
			currentVersion = 208870E52459E2FE00803339 /* Cinebox.xcdatamodel */;
			path = Cinebox.xcdatamodeld;
			sourceTree = "<group>";
			versionGroupType = wrapper.xcdatamodel;
		};
/* End XCVersionGroup section */
	};
	rootObject = 208870D02459E2FE00803339 /* Project object */;
}
